<?xml version="1.0" encoding="utf-8"?>
<Project ToolsVersion="4.0" xmlns="http://schemas.microsoft.com/developer/msbuild/2003">
  <ItemGroup>
    <Filter Include="Исходные файлы">
      <UniqueIdentifier>{4FC737F1-C7A5-4376-A066-2A32D752A2FF}</UniqueIdentifier>
      <Extensions>cpp;c;cc;cxx;c++;cppm;ixx;def;odl;idl;hpj;bat;asm;asmx</Extensions>
    </Filter>
    <Filter Include="Файлы заголовков">
      <UniqueIdentifier>{93995380-89BD-4b04-88EB-625FBE52EBFB}</UniqueIdentifier>
      <Extensions>h;hh;hpp;hxx;h++;hm;inl;inc;ipp;xsd</Extensions>
    </Filter>
    <Filter Include="Файлы ресурсов">
      <UniqueIdentifier>{67DA6AB6-F800-4c08-8B7A-83BB121AAD01}</UniqueIdentifier>
      <Extensions>rc;ico;cur;bmp;dlg;rc2;rct;bin;rgs;gif;jpg;jpeg;jpe;resx;tiff;tif;png;wav;mfcribbon-ms</Extensions>
    </Filter>
    <Filter Include="Файлы заголовков\shapes">
      <UniqueIdentifier>{255c1b5d-ba65-4040-8e31-99b32aeff8e1}</UniqueIdentifier>
    </Filter>
    <Filter Include="Файлы заголовков\decorators">
      <UniqueIdentifier>{9f4084e3-930d-4a6e-b424-90b06211c4c3}</UniqueIdentifier>
    </Filter>
    <Filter Include="Файлы заголовков\builders">
      <UniqueIdentifier>{18570edc-ce64-4fea-93b0-2b3fbd2b4a6b}</UniqueIdentifier>
    </Filter>
    <Filter Include="Файлы заголовков\commands">
      <UniqueIdentifier>{3b5bd38e-83c3-4efb-a21d-dd4f4a59e4ec}</UniqueIdentifier>
    </Filter>
    <Filter Include="Исходные файлы\visitors">
      <UniqueIdentifier>{7f6fbf3a-7600-4716-a48b-80381c6517d1}</UniqueIdentifier>
    </Filter>
    <Filter Include="Файлы заголовков\visitors">
      <UniqueIdentifier>{b6b28207-547e-461e-b83b-b5a46560f0a1}</UniqueIdentifier>
    </Filter>
    <Filter Include="Исходные файлы\shapes">
      <UniqueIdentifier>{d5343243-2f35-4bd3-b512-9e1a41a80514}</UniqueIdentifier>
    </Filter>
    <Filter Include="Исходные файлы\commands">
      <UniqueIdentifier>{def4c714-a404-428e-b90c-0f5753167ff0}</UniqueIdentifier>
    </Filter>
    <Filter Include="Исходные файлы\builders">
      <UniqueIdentifier>{e687adb9-4ab7-46e7-b01b-e4e158d4bb9f}</UniqueIdentifier>
    </Filter>
    <Filter Include="Исходные файлы\decorators">
      <UniqueIdentifier>{bc4287d1-56de-4881-bb4c-fe47183a781d}</UniqueIdentifier>
    </Filter>
  </ItemGroup>
  <ItemGroup>
    <ClInclude Include="Handlers.h">
      <Filter>Файлы заголовков</Filter>
    </ClInclude>
    <ClInclude Include="Application.h">
      <Filter>Файлы заголовков</Filter>
    </ClInclude>
    <ClInclude Include="ToolBar.h">
      <Filter>Файлы заголовков</Filter>
    </ClInclude>
    <ClInclude Include="ToolBarButton.h">
      <Filter>Файлы заголовков</Filter>
    </ClInclude>
    <ClInclude Include="FileManager.h">
      <Filter>Файлы заголовков</Filter>
    </ClInclude>
    <ClInclude Include="ShapeCreator.h">
      <Filter>Файлы заголовков</Filter>
    </ClInclude>
    <ClInclude Include="Memento.h">
      <Filter>Файлы заголовков</Filter>
    </ClInclude>
    <ClInclude Include="CareTaker.h">
      <Filter>Файлы заголовков</Filter>
    </ClInclude>
    <ClInclude Include="SaveStrategy.h">
      <Filter>Файлы заголовков</Filter>
    </ClInclude>
    <ClInclude Include="TextSaveStrategy.h">
      <Filter>Файлы заголовков</Filter>
    </ClInclude>
    <ClInclude Include="ShapeLoader.h">
      <Filter>Файлы заголовков</Filter>
    </ClInclude>
    <ClInclude Include="Circle.h">
      <Filter>Файлы заголовков\shapes</Filter>
    </ClInclude>
    <ClInclude Include="Rectangle.h">
      <Filter>Файлы заголовков\shapes</Filter>
    </ClInclude>
    <ClInclude Include="Triangle.h">
      <Filter>Файлы заголовков\shapes</Filter>
    </ClInclude>
    <ClInclude Include="shapes.h">
      <Filter>Файлы заголовков\shapes</Filter>
    </ClInclude>
    <ClInclude Include="Shape.h">
      <Filter>Файлы заголовков\shapes</Filter>
    </ClInclude>
    <ClInclude Include="Group.h">
      <Filter>Файлы заголовков\shapes</Filter>
    </ClInclude>
    <ClInclude Include="TriangleDecorator.h">
      <Filter>Файлы заголовков\decorators</Filter>
    </ClInclude>
    <ClInclude Include="RectangleDecorator.h">
      <Filter>Файлы заголовков\decorators</Filter>
    </ClInclude>
    <ClInclude Include="decorators.h">
      <Filter>Файлы заголовков\decorators</Filter>
    </ClInclude>
    <ClInclude Include="CircleBuilder.h">
      <Filter>Файлы заголовков\builders</Filter>
    </ClInclude>
    <ClInclude Include="ShapeBuilder.h">
      <Filter>Файлы заголовков\builders</Filter>
    </ClInclude>
    <ClInclude Include="TriangleBuilder.h">
      <Filter>Файлы заголовков\builders</Filter>
    </ClInclude>
    <ClInclude Include="RectangleBuilder.h">
      <Filter>Файлы заголовков\builders</Filter>
    </ClInclude>
    <ClInclude Include="AddCircleCommand.h">
      <Filter>Файлы заголовков\commands</Filter>
    </ClInclude>
    <ClInclude Include="AddRectangleCommand.h">
      <Filter>Файлы заголовков\commands</Filter>
    </ClInclude>
    <ClInclude Include="AddTriangleCommand.h">
      <Filter>Файлы заголовков\commands</Filter>
    </ClInclude>
    <ClInclude Include="ChangeFillColorCommand.h">
      <Filter>Файлы заголовков\commands</Filter>
    </ClInclude>
    <ClInclude Include="ChangeOutlineColorCommand.h">
      <Filter>Файлы заголовков\commands</Filter>
    </ClInclude>
    <ClInclude Include="ChangeOutlineThicknessCommand.h">
      <Filter>Файлы заголовков\commands</Filter>
    </ClInclude>
    <ClInclude Include="Command.h">
      <Filter>Файлы заголовков\commands</Filter>
    </ClInclude>
    <ClInclude Include="commands.h">
      <Filter>Файлы заголовков\commands</Filter>
    </ClInclude>
    <ClInclude Include="ChangeFillColorVisitor.h">
      <Filter>Файлы заголовков\visitors</Filter>
    </ClInclude>
    <ClInclude Include="ChangeOutlineColorVisitor.h">
      <Filter>Файлы заголовков\visitors</Filter>
    </ClInclude>
    <ClInclude Include="ChangeOutlineThicknessVisitor.h">
      <Filter>Файлы заголовков\visitors</Filter>
    </ClInclude>
    <ClInclude Include="Visitor.h">
      <Filter>Файлы заголовков\visitors</Filter>
    </ClInclude>
    <ClInclude Include="UndoCommand.h">
      <Filter>Файлы заголовков\commands</Filter>
    </ClInclude>
    <ClInclude Include="MathDecorator.h">
      <Filter>Файлы заголовков\decorators</Filter>
    </ClInclude>
  </ItemGroup>
  <ItemGroup>
    <ClCompile Include="main.cpp">
      <Filter>Исходные файлы</Filter>
    </ClCompile>
    <ClCompile Include="handlers.cpp">
      <Filter>Исходные файлы</Filter>
    </ClCompile>
    <ClCompile Include="ToolBar.cpp">
      <Filter>Исходные файлы</Filter>
    </ClCompile>
    <ClCompile Include="Application.cpp">
      <Filter>Исходные файлы</Filter>
    </ClCompile>
    <ClCompile Include="FileManager.cpp">
      <Filter>Исходные файлы</Filter>
    </ClCompile>
    <ClCompile Include="ShapeCreator.cpp">
      <Filter>Исходные файлы</Filter>
    </ClCompile>
    <ClCompile Include="CircleDecorator.h">
      <Filter>Файлы заголовков\decorators</Filter>
    </ClCompile>
    <ClCompile Include="builders.h">
      <Filter>Файлы заголовков\builders</Filter>
    </ClCompile>
    <ClCompile Include="LoadCommand.h">
      <Filter>Файлы заголовков\commands</Filter>
    </ClCompile>
    <ClCompile Include="SaveCommand.h">
      <Filter>Файлы заголовков\commands</Filter>
    </ClCompile>
    <ClCompile Include="ToolBarButton.cpp">
      <Filter>Исходные файлы</Filter>
    </ClCompile>
    <ClCompile Include="TextSaveStrategy.cpp">
      <Filter>Исходные файлы</Filter>
    </ClCompile>
    <ClCompile Include="ShapeLoader.cpp">
      <Filter>Исходные файлы</Filter>
    </ClCompile>
    <ClCompile Include="Memento.cpp">
      <Filter>Исходные файлы</Filter>
    </ClCompile>
    <ClCompile Include="Caretaker.cpp">
      <Filter>Исходные файлы</Filter>
    </ClCompile>
    <ClCompile Include="ChangeFillColorVisitor.cpp">
      <Filter>Исходные файлы\visitors</Filter>
    </ClCompile>
    <ClCompile Include="ChangeOutlineColorVisitor.cpp">
      <Filter>Исходные файлы\visitors</Filter>
    </ClCompile>
    <ClCompile Include="ChangeOutlineThicknessVisitor.cpp">
      <Filter>Исходные файлы\visitors</Filter>
    </ClCompile>
    <ClCompile Include="Triangle.cpp">
      <Filter>Исходные файлы\shapes</Filter>
    </ClCompile>
    <ClCompile Include="Rectangle.cpp">
      <Filter>Исходные файлы\shapes</Filter>
    </ClCompile>
    <ClCompile Include="Group.cpp">
      <Filter>Исходные файлы\shapes</Filter>
    </ClCompile>
    <ClCompile Include="Circle.cpp">
      <Filter>Исходные файлы\shapes</Filter>
    </ClCompile>
    <ClCompile Include="UndoCommand.cpp">
      <Filter>Исходные файлы\commands</Filter>
    </ClCompile>
    <ClCompile Include="SaveCommand.cpp">
      <Filter>Исходные файлы\commands</Filter>
    </ClCompile>
    <ClCompile Include="ChangeOutlineThicknessCommand.cpp">
      <Filter>Исходные файлы\commands</Filter>
    </ClCompile>
    <ClCompile Include="ChangeOutlineColorCommand.cpp">
      <Filter>Исходные файлы\commands</Filter>
    </ClCompile>
    <ClCompile Include="ChangeFillColorCommand.cpp">
      <Filter>Исходные файлы\commands</Filter>
    </ClCompile>
    <ClCompile Include="AddTriangleCommand.cpp">
      <Filter>Исходные файлы\commands</Filter>
    </ClCompile>
    <ClCompile Include="AddRectangleCommand.cpp">
      <Filter>Исходные файлы\commands</Filter>
    </ClCompile>
    <ClCompile Include="AddCircleCommand.cpp">
      <Filter>Исходные файлы\commands</Filter>
    </ClCompile>
    <ClCompile Include="TriangleBuilder.cpp">
      <Filter>Исходные файлы\builders</Filter>
    </ClCompile>
    <ClCompile Include="RectangleBuilder.cpp">
      <Filter>Исходные файлы\builders</Filter>
    </ClCompile>
    <ClCompile Include="CircleBuilder.cpp">
      <Filter>Исходные файлы\builders</Filter>
    </ClCompile>
    <ClCompile Include="TriangleDecorator.cpp">
      <Filter>Исходные файлы\decorators</Filter>
    </ClCompile>
    <ClCompile Include="RectangleDecorator.cpp">
      <Filter>Исходные файлы\decorators</Filter>
    </ClCompile>
    <ClCompile Include="CircleDecorator.cpp">
      <Filter>Исходные файлы\decorators</Filter>
    </ClCompile>
    <ClCompile Include="MathDecorator.cpp">
      <Filter>Исходные файлы\decorators</Filter>
    </ClCompile>
    <ClCompile Include="LoadCommand.cpp">
      <Filter>Исходные файлы\commands</Filter>
    </ClCompile>
  </ItemGroup>
</Project>